lockfileVersion: '9.0'

settings:
  autoInstallPeers: true
  excludeLinksFromLockfile: false

importers:

  .:
    dependencies:
      xrpl:
        specifier: 4.2.0
        version: 4.2.0
    devDependencies:
      typescript:
        specifier: ^5.7.3
        version: 5.8.2

packages:

  '@noble/curves@1.8.1':
    resolution: {integrity: sha512-warwspo+UYUPep0Q+vtdVB4Ugn8GGQj8iyB3gnRWsztmUHTI3S1nhdiWNsPUGL0vud7JlRRk1XEu7Lq1KGTnMQ==}
    engines: {node: ^14.21.3 || >=16}

  '@noble/hashes@1.7.1':
    resolution: {integrity: sha512-B8XBPsn4vT/KJAGqDzbwztd+6Yte3P4V7iafm24bxgDe/mlRuK6xmWPuCNrKt2vDafZ8MfJLlchDG/vYafQEjQ==}
    engines: {node: ^14.21.3 || >=16}

  '@scure/base@1.2.4':
    resolution: {integrity: sha512-5Yy9czTO47mqz+/J8GM6GIId4umdCk1wc1q8rKERQulIoc8VP9pzDcghv10Tl2E7R96ZUx/PhND3ESYUQX8NuQ==}

  '@scure/bip32@1.6.2':
    resolution: {integrity: sha512-t96EPDMbtGgtb7onKKqxRLfE5g05k7uHnHRM2xdE6BP/ZmxaLtPek4J4KfVn/90IQNrU1IOAqMgiDtUdtbe3nw==}

  '@scure/bip39@1.5.4':
    resolution: {integrity: sha512-TFM4ni0vKvCfBpohoh+/lY05i9gRbSwXWngAsF4CABQxoaOHijxuaZ2R6cStDQ5CHtHO9aGJTr4ksVJASRRyMA==}

  '@xrplf/isomorphic@1.0.1':
    resolution: {integrity: sha512-0bIpgx8PDjYdrLFeC3csF305QQ1L7sxaWnL5y71mCvhenZzJgku9QsA+9QCXBC1eNYtxWO/xR91zrXJy2T/ixg==}
    engines: {node: '>=16.0.0'}

  '@xrplf/secret-numbers@1.0.0':
    resolution: {integrity: sha512-qsCLGyqe1zaq9j7PZJopK+iGTGRbk6akkg6iZXJJgxKwck0C5x5Gnwlb1HKYGOwPKyrXWpV6a2YmcpNpUFctGg==}

  bignumber.js@9.1.2:
    resolution: {integrity: sha512-2/mKyZH9K85bzOEfhXDBFZTGd1CTs+5IHpeFQo9luiBG7hghdC851Pj2WAhb6E3R6b9tZj/XKhbg4fum+Kepug==}

  eventemitter3@5.0.1:
    resolution: {integrity: sha512-GWkBvjiSZK87ELrYOSESUYeVIc9mvLLf/nXalMOS5dYrgZq9o5OVkbZAVM06CVxYsCwH9BDZFPlQTlPA1j4ahA==}

  ripple-address-codec@5.0.0:
    resolution: {integrity: sha512-de7osLRH/pt5HX2xw2TRJtbdLLWHu0RXirpQaEeCnWKY5DYHykh3ETSkofvm0aX0LJiV7kwkegJxQkmbO94gWw==}
    engines: {node: '>= 16'}

  ripple-binary-codec@2.3.0:
    resolution: {integrity: sha512-CPMzkknXlgO9Ow5Qa5iqQm0vOIlJyN8M1bc8etyhLw2Xfrer6bPzLA8/apuKlGQ+XdznYSKPBz5LAhwYjaDAcA==}
    engines: {node: '>= 18'}

  ripple-keypairs@2.0.0:
    resolution: {integrity: sha512-b5rfL2EZiffmklqZk1W+dvSy97v3V/C7936WxCCgDynaGPp7GE6R2XO7EU9O2LlM/z95rj870IylYnOQs+1Rag==}
    engines: {node: '>= 16'}

  typescript@5.8.2:
    resolution: {integrity: sha512-aJn6wq13/afZp/jT9QZmwEjDqqvSGp1VT5GVg+f/t6/oVyrgXM6BY1h9BRh/O5p3PlUPAe+WuiEZOmb/49RqoQ==}
    engines: {node: '>=14.17'}
    hasBin: true

  ws@8.18.1:
    resolution: {integrity: sha512-RKW2aJZMXeMxVpnZ6bck+RswznaxmzdULiBr6KY7XkTnW8uvt0iT9H5DkHUChXrc+uurzwa0rVI16n/Xzjdz1w==}
    engines: {node: '>=10.0.0'}
    peerDependencies:
      bufferutil: ^4.0.1
      utf-8-validate: '>=5.0.2'
    peerDependenciesMeta:
      bufferutil:
        optional: true
      utf-8-validate:
        optional: true

  xrpl@4.2.0:
    resolution: {integrity: sha512-RR6lJhRyQHPoI/rZGuKBzUc45KSC3thpYVzn3ATu78GXDZ6vsyn8SXmNveMhAJ2AVRvpRiyyztbU2TmGRUp2Xg==}
    engines: {node: '>=18.0.0'}

snapshots:

  '@noble/curves@1.8.1':
    dependencies:
      '@noble/hashes': 1.7.1

  '@noble/hashes@1.7.1': {}

  '@scure/base@1.2.4': {}

  '@scure/bip32@1.6.2':
    dependencies:
      '@noble/curves': 1.8.1
      '@noble/hashes': 1.7.1
      '@scure/base': 1.2.4

  '@scure/bip39@1.5.4':
    dependencies:
      '@noble/hashes': 1.7.1
      '@scure/base': 1.2.4

  '@xrplf/isomorphic@1.0.1':
    dependencies:
      '@noble/hashes': 1.7.1
      eventemitter3: 5.0.1
      ws: 8.18.1
    transitivePeerDependencies:
      - bufferutil
      - utf-8-validate

  '@xrplf/secret-numbers@1.0.0':
    dependencies:
      '@xrplf/isomorphic': 1.0.1
      ripple-keypairs: 2.0.0
    transitivePeerDependencies:
      - bufferutil
      - utf-8-validate

  bignumber.js@9.1.2: {}

  eventemitter3@5.0.1: {}

  ripple-address-codec@5.0.0:
    dependencies:
      '@scure/base': 1.2.4
      '@xrplf/isomorphic': 1.0.1
    transitivePeerDependencies:
      - bufferutil
      - utf-8-validate

  ripple-binary-codec@2.3.0:
    dependencies:
      '@xrplf/isomorphic': 1.0.1
      bignumber.js: 9.1.2
      ripple-address-codec: 5.0.0
    transitivePeerDependencies:
      - bufferutil
      - utf-8-validate

  ripple-keypairs@2.0.0:
    dependencies:
      '@noble/curves': 1.8.1
      '@xrplf/isomorphic': 1.0.1
      ripple-address-codec: 5.0.0
    transitivePeerDependencies:
      - bufferutil
      - utf-8-validate

  typescript@5.8.2: {}

  ws@8.18.1: {}

  xrpl@4.2.0:
    dependencies:
      '@scure/bip32': 1.6.2
      '@scure/bip39': 1.5.4
      '@xrplf/isomorphic': 1.0.1
      '@xrplf/secret-numbers': 1.0.0
      bignumber.js: 9.1.2
      eventemitter3: 5.0.1
      ripple-address-codec: 5.0.0
      ripple-binary-codec: 2.3.0
      ripple-keypairs: 2.0.0
    transitivePeerDependencies:
      - bufferutil
      - utf-8-validate
